// !$*UTF8*$!
{
	archiveVersion = 1;
	classes = {
	};
	objectVersion = 56;
	objects = {

/* Begin PBXBuildFile section */
		540BFC392A10E57D0085D1E0 /* ActivityIndicatorView.swift in Sources */ = {isa = PBXBuildFile; fileRef = 540BFC382A10E57D0085D1E0 /* ActivityIndicatorView.swift */; };
		540BFC3B2A10E85C0085D1E0 /* ErrorView.swift in Sources */ = {isa = PBXBuildFile; fileRef = 540BFC3A2A10E85C0085D1E0 /* ErrorView.swift */; };
		540BFC3D2A10EEF80085D1E0 /* LocalhostSessionDelegate.swift in Sources */ = {isa = PBXBuildFile; fileRef = 540BFC3C2A10EEF80085D1E0 /* LocalhostSessionDelegate.swift */; };
		540BFC3F2A125B570085D1E0 /* Array + Unique.swift in Sources */ = {isa = PBXBuildFile; fileRef = 540BFC3E2A125B570085D1E0 /* Array + Unique.swift */; };
		540BFC432A1269520085D1E0 /* WarehouseChartsViewModel.swift in Sources */ = {isa = PBXBuildFile; fileRef = 540BFC422A1269520085D1E0 /* WarehouseChartsViewModel.swift */; };
		540BFC452A12696D0085D1E0 /* WarehouseChartsView.swift in Sources */ = {isa = PBXBuildFile; fileRef = 540BFC442A12696D0085D1E0 /* WarehouseChartsView.swift */; };
		540BFC472A1393390085D1E0 /* Execution.swift in Sources */ = {isa = PBXBuildFile; fileRef = 540BFC462A1393390085D1E0 /* Execution.swift */; };
		54AB330E2A0FB46200C7619E /* WarehouseService.swift in Sources */ = {isa = PBXBuildFile; fileRef = 54AB330D2A0FB46200C7619E /* WarehouseService.swift */; };
		54AB33112A0FB4CA00C7619E /* DimDate.swift in Sources */ = {isa = PBXBuildFile; fileRef = 54AB33102A0FB4CA00C7619E /* DimDate.swift */; };
		54AB33132A0FB6C800C7619E /* Role.swift in Sources */ = {isa = PBXBuildFile; fileRef = 54AB33122A0FB6C800C7619E /* Role.swift */; };
		54AB33152A0FB74700C7619E /* Employee.swift in Sources */ = {isa = PBXBuildFile; fileRef = 54AB33142A0FB74700C7619E /* Employee.swift */; };
		54AB33172A0FB7B200C7619E /* Industry.swift in Sources */ = {isa = PBXBuildFile; fileRef = 54AB33162A0FB7B200C7619E /* Industry.swift */; };
		54AB33192A0FB7E600C7619E /* Project.swift in Sources */ = {isa = PBXBuildFile; fileRef = 54AB33182A0FB7E600C7619E /* Project.swift */; };
		54AB331B2A0FB83C00C7619E /* FactWorks.swift in Sources */ = {isa = PBXBuildFile; fileRef = 54AB331A2A0FB83C00C7619E /* FactWorks.swift */; };
		54AB331D2A0FB93E00C7619E /* LoadInfo.swift in Sources */ = {isa = PBXBuildFile; fileRef = 54AB331C2A0FB93E00C7619E /* LoadInfo.swift */; };
		54AB331F2A0FBC1500C7619E /* RealWarehouseRepository.swift in Sources */ = {isa = PBXBuildFile; fileRef = 54AB331E2A0FBC1500C7619E /* RealWarehouseRepository.swift */; };
		54AB33212A0FBC2300C7619E /* WebRepository.swift in Sources */ = {isa = PBXBuildFile; fileRef = 54AB33202A0FBC2300C7619E /* WebRepository.swift */; };
		54AB33232A0FBC3600C7619E /* APICall.swift in Sources */ = {isa = PBXBuildFile; fileRef = 54AB33222A0FBC3600C7619E /* APICall.swift */; };
		54AB33252A0FBC6300C7619E /* NetworkingHelpers.swift in Sources */ = {isa = PBXBuildFile; fileRef = 54AB33242A0FBC6300C7619E /* NetworkingHelpers.swift */; };
		54AB33272A0FC09000C7619E /* RealWarehouseService.swift in Sources */ = {isa = PBXBuildFile; fileRef = 54AB33262A0FC09000C7619E /* RealWarehouseService.swift */; };
		54AB332E2A0FD7DE00C7619E /* WarehouseViewModel.swift in Sources */ = {isa = PBXBuildFile; fileRef = 54AB332D2A0FD7DE00C7619E /* WarehouseViewModel.swift */; };
		54AB33302A0FD85A00C7619E /* WarehouseView.swift in Sources */ = {isa = PBXBuildFile; fileRef = 54AB332F2A0FD85A00C7619E /* WarehouseView.swift */; };
		54C286422A091609004F4C9F /* WarehouseClientApp.swift in Sources */ = {isa = PBXBuildFile; fileRef = 54C286412A091609004F4C9F /* WarehouseClientApp.swift */; };
		54C286462A091609004F4C9F /* Assets.xcassets in Resources */ = {isa = PBXBuildFile; fileRef = 54C286452A091609004F4C9F /* Assets.xcassets */; };
		54C2864A2A091609004F4C9F /* Preview Assets.xcassets in Resources */ = {isa = PBXBuildFile; fileRef = 54C286492A091609004F4C9F /* Preview Assets.xcassets */; };
		54C286592A0919C5004F4C9F /* AuthViewModel.swift in Sources */ = {isa = PBXBuildFile; fileRef = 54C286572A0919C5004F4C9F /* AuthViewModel.swift */; };
		54C2865A2A0919C5004F4C9F /* AuthView.swift in Sources */ = {isa = PBXBuildFile; fileRef = 54C286582A0919C5004F4C9F /* AuthView.swift */; };
		54C286662A091ABE004F4C9F /* CancelBag.swift in Sources */ = {isa = PBXBuildFile; fileRef = 54C2865C2A091ABE004F4C9F /* CancelBag.swift */; };
		54C286672A091ABE004F4C9F /* Helpers.swift in Sources */ = {isa = PBXBuildFile; fileRef = 54C2865D2A091ABE004F4C9F /* Helpers.swift */; };
		54C286682A091ABE004F4C9F /* ViewModel.swift in Sources */ = {isa = PBXBuildFile; fileRef = 54C2865E2A091ABE004F4C9F /* ViewModel.swift */; };
		54C286692A091ABE004F4C9F /* Binding + Equatable.swift in Sources */ = {isa = PBXBuildFile; fileRef = 54C286602A091ABE004F4C9F /* Binding + Equatable.swift */; };
		54C2866A2A091ABE004F4C9F /* Publisher + WeakAssign.swift in Sources */ = {isa = PBXBuildFile; fileRef = 54C286612A091ABE004F4C9F /* Publisher + WeakAssign.swift */; };
		54C2866B2A091ABE004F4C9F /* UserDefault.swift in Sources */ = {isa = PBXBuildFile; fileRef = 54C286632A091ABE004F4C9F /* UserDefault.swift */; };
		54C2866C2A091ABE004F4C9F /* Loadable.swift in Sources */ = {isa = PBXBuildFile; fileRef = 54C286642A091ABE004F4C9F /* Loadable.swift */; };
		54C2866D2A091ABE004F4C9F /* LazyList.swift in Sources */ = {isa = PBXBuildFile; fileRef = 54C286652A091ABE004F4C9F /* LazyList.swift */; };
		54C286712A091B0E004F4C9F /* BaseViewModel.swift in Sources */ = {isa = PBXBuildFile; fileRef = 54C2866F2A091B0E004F4C9F /* BaseViewModel.swift */; };
		54C286722A091B0E004F4C9F /* BaseView.swift in Sources */ = {isa = PBXBuildFile; fileRef = 54C286702A091B0E004F4C9F /* BaseView.swift */; };
		54C286782A091B27004F4C9F /* AppState.swift in Sources */ = {isa = PBXBuildFile; fileRef = 54C286742A091B27004F4C9F /* AppState.swift */; };
		54C286792A091B27004F4C9F /* DependencyInjector.swift in Sources */ = {isa = PBXBuildFile; fileRef = 54C286752A091B27004F4C9F /* DependencyInjector.swift */; };
		54C2867A2A091B27004F4C9F /* Store.swift in Sources */ = {isa = PBXBuildFile; fileRef = 54C286762A091B27004F4C9F /* Store.swift */; };
		54C2867B2A091B27004F4C9F /* ServicesContainer.swift in Sources */ = {isa = PBXBuildFile; fileRef = 54C286772A091B27004F4C9F /* ServicesContainer.swift */; };
		54C286802A091B2F004F4C9F /* AuthService.swift in Sources */ = {isa = PBXBuildFile; fileRef = 54C2867E2A091B2F004F4C9F /* AuthService.swift */; };
		54C286812A091B2F004F4C9F /* LocalAuthService.swift in Sources */ = {isa = PBXBuildFile; fileRef = 54C2867F2A091B2F004F4C9F /* LocalAuthService.swift */; };
		54C286842A091B3F004F4C9F /* StringError.swift in Sources */ = {isa = PBXBuildFile; fileRef = 54C286832A091B3F004F4C9F /* StringError.swift */; };
		54C286862A091B46004F4C9F /* User.swift in Sources */ = {isa = PBXBuildFile; fileRef = 54C286852A091B46004F4C9F /* User.swift */; };
		54C286892A091B54004F4C9F /* AppEnvironment.swift in Sources */ = {isa = PBXBuildFile; fileRef = 54C286882A091B54004F4C9F /* AppEnvironment.swift */; };
		54C2868E2A0926B7004F4C9F /* WarehouseRepository.swift in Sources */ = {isa = PBXBuildFile; fileRef = 54C2868D2A0926B7004F4C9F /* WarehouseRepository.swift */; };
/* End PBXBuildFile section */

/* Begin PBXFileReference section */
		540BFC382A10E57D0085D1E0 /* ActivityIndicatorView.swift */ = {isa = PBXFileReference; fileEncoding = 4; lastKnownFileType = sourcecode.swift; path = ActivityIndicatorView.swift; sourceTree = "<group>"; };
		540BFC3A2A10E85C0085D1E0 /* ErrorView.swift */ = {isa = PBXFileReference; fileEncoding = 4; lastKnownFileType = sourcecode.swift; path = ErrorView.swift; sourceTree = "<group>"; };
		540BFC3C2A10EEF80085D1E0 /* LocalhostSessionDelegate.swift */ = {isa = PBXFileReference; lastKnownFileType = sourcecode.swift; path = LocalhostSessionDelegate.swift; sourceTree = "<group>"; };
		540BFC3E2A125B570085D1E0 /* Array + Unique.swift */ = {isa = PBXFileReference; lastKnownFileType = sourcecode.swift; path = "Array + Unique.swift"; sourceTree = "<group>"; };
		540BFC422A1269520085D1E0 /* WarehouseChartsViewModel.swift */ = {isa = PBXFileReference; lastKnownFileType = sourcecode.swift; path = WarehouseChartsViewModel.swift; sourceTree = "<group>"; };
		540BFC442A12696D0085D1E0 /* WarehouseChartsView.swift */ = {isa = PBXFileReference; lastKnownFileType = sourcecode.swift; path = WarehouseChartsView.swift; sourceTree = "<group>"; };
		540BFC462A1393390085D1E0 /* Execution.swift */ = {isa = PBXFileReference; lastKnownFileType = sourcecode.swift; path = Execution.swift; sourceTree = "<group>"; };
		54AB330D2A0FB46200C7619E /* WarehouseService.swift */ = {isa = PBXFileReference; lastKnownFileType = sourcecode.swift; path = WarehouseService.swift; sourceTree = "<group>"; };
		54AB33102A0FB4CA00C7619E /* DimDate.swift */ = {isa = PBXFileReference; lastKnownFileType = sourcecode.swift; path = DimDate.swift; sourceTree = "<group>"; };
		54AB33122A0FB6C800C7619E /* Role.swift */ = {isa = PBXFileReference; lastKnownFileType = sourcecode.swift; path = Role.swift; sourceTree = "<group>"; };
		54AB33142A0FB74700C7619E /* Employee.swift */ = {isa = PBXFileReference; lastKnownFileType = sourcecode.swift; path = Employee.swift; sourceTree = "<group>"; };
		54AB33162A0FB7B200C7619E /* Industry.swift */ = {isa = PBXFileReference; lastKnownFileType = sourcecode.swift; path = Industry.swift; sourceTree = "<group>"; };
		54AB33182A0FB7E600C7619E /* Project.swift */ = {isa = PBXFileReference; lastKnownFileType = sourcecode.swift; path = Project.swift; sourceTree = "<group>"; };
		54AB331A2A0FB83C00C7619E /* FactWorks.swift */ = {isa = PBXFileReference; lastKnownFileType = sourcecode.swift; path = FactWorks.swift; sourceTree = "<group>"; };
		54AB331C2A0FB93E00C7619E /* LoadInfo.swift */ = {isa = PBXFileReference; lastKnownFileType = sourcecode.swift; path = LoadInfo.swift; sourceTree = "<group>"; };
		54AB331E2A0FBC1500C7619E /* RealWarehouseRepository.swift */ = {isa = PBXFileReference; lastKnownFileType = sourcecode.swift; path = RealWarehouseRepository.swift; sourceTree = "<group>"; };
		54AB33202A0FBC2300C7619E /* WebRepository.swift */ = {isa = PBXFileReference; fileEncoding = 4; lastKnownFileType = sourcecode.swift; path = WebRepository.swift; sourceTree = "<group>"; };
		54AB33222A0FBC3600C7619E /* APICall.swift */ = {isa = PBXFileReference; fileEncoding = 4; lastKnownFileType = sourcecode.swift; path = APICall.swift; sourceTree = "<group>"; };
		54AB33242A0FBC6300C7619E /* NetworkingHelpers.swift */ = {isa = PBXFileReference; fileEncoding = 4; lastKnownFileType = sourcecode.swift; path = NetworkingHelpers.swift; sourceTree = "<group>"; };
		54AB33262A0FC09000C7619E /* RealWarehouseService.swift */ = {isa = PBXFileReference; lastKnownFileType = sourcecode.swift; path = RealWarehouseService.swift; sourceTree = "<group>"; };
		54AB332D2A0FD7DE00C7619E /* WarehouseViewModel.swift */ = {isa = PBXFileReference; lastKnownFileType = sourcecode.swift; path = WarehouseViewModel.swift; sourceTree = "<group>"; };
		54AB332F2A0FD85A00C7619E /* WarehouseView.swift */ = {isa = PBXFileReference; lastKnownFileType = sourcecode.swift; path = WarehouseView.swift; sourceTree = "<group>"; };
		54AB33312A0FDAF600C7619E /* Info.plist */ = {isa = PBXFileReference; lastKnownFileType = text.plist; path = Info.plist; sourceTree = "<group>"; };
		54C2863E2A091609004F4C9F /* WarehouseClient.app */ = {isa = PBXFileReference; explicitFileType = wrapper.application; includeInIndex = 0; path = WarehouseClient.app; sourceTree = BUILT_PRODUCTS_DIR; };
		54C286412A091609004F4C9F /* WarehouseClientApp.swift */ = {isa = PBXFileReference; lastKnownFileType = sourcecode.swift; path = WarehouseClientApp.swift; sourceTree = "<group>"; };
		54C286452A091609004F4C9F /* Assets.xcassets */ = {isa = PBXFileReference; lastKnownFileType = folder.assetcatalog; path = Assets.xcassets; sourceTree = "<group>"; };
		54C286472A091609004F4C9F /* WarehouseClient.entitlements */ = {isa = PBXFileReference; lastKnownFileType = text.plist.entitlements; path = WarehouseClient.entitlements; sourceTree = "<group>"; };
		54C286492A091609004F4C9F /* Preview Assets.xcassets */ = {isa = PBXFileReference; lastKnownFileType = folder.assetcatalog; path = "Preview Assets.xcassets"; sourceTree = "<group>"; };
		54C286572A0919C5004F4C9F /* AuthViewModel.swift */ = {isa = PBXFileReference; fileEncoding = 4; lastKnownFileType = sourcecode.swift; path = AuthViewModel.swift; sourceTree = "<group>"; };
		54C286582A0919C5004F4C9F /* AuthView.swift */ = {isa = PBXFileReference; fileEncoding = 4; lastKnownFileType = sourcecode.swift; path = AuthView.swift; sourceTree = "<group>"; };
		54C2865C2A091ABE004F4C9F /* CancelBag.swift */ = {isa = PBXFileReference; fileEncoding = 4; lastKnownFileType = sourcecode.swift; path = CancelBag.swift; sourceTree = "<group>"; };
		54C2865D2A091ABE004F4C9F /* Helpers.swift */ = {isa = PBXFileReference; fileEncoding = 4; lastKnownFileType = sourcecode.swift; path = Helpers.swift; sourceTree = "<group>"; };
		54C2865E2A091ABE004F4C9F /* ViewModel.swift */ = {isa = PBXFileReference; fileEncoding = 4; lastKnownFileType = sourcecode.swift; path = ViewModel.swift; sourceTree = "<group>"; };
		54C286602A091ABE004F4C9F /* Binding + Equatable.swift */ = {isa = PBXFileReference; fileEncoding = 4; lastKnownFileType = sourcecode.swift; path = "Binding + Equatable.swift"; sourceTree = "<group>"; };
		54C286612A091ABE004F4C9F /* Publisher + WeakAssign.swift */ = {isa = PBXFileReference; fileEncoding = 4; lastKnownFileType = sourcecode.swift; path = "Publisher + WeakAssign.swift"; sourceTree = "<group>"; };
		54C286632A091ABE004F4C9F /* UserDefault.swift */ = {isa = PBXFileReference; fileEncoding = 4; lastKnownFileType = sourcecode.swift; path = UserDefault.swift; sourceTree = "<group>"; };
		54C286642A091ABE004F4C9F /* Loadable.swift */ = {isa = PBXFileReference; fileEncoding = 4; lastKnownFileType = sourcecode.swift; path = Loadable.swift; sourceTree = "<group>"; };
		54C286652A091ABE004F4C9F /* LazyList.swift */ = {isa = PBXFileReference; fileEncoding = 4; lastKnownFileType = sourcecode.swift; path = LazyList.swift; sourceTree = "<group>"; };
		54C2866F2A091B0E004F4C9F /* BaseViewModel.swift */ = {isa = PBXFileReference; fileEncoding = 4; lastKnownFileType = sourcecode.swift; path = BaseViewModel.swift; sourceTree = "<group>"; };
		54C286702A091B0E004F4C9F /* BaseView.swift */ = {isa = PBXFileReference; fileEncoding = 4; lastKnownFileType = sourcecode.swift; path = BaseView.swift; sourceTree = "<group>"; };
		54C286742A091B27004F4C9F /* AppState.swift */ = {isa = PBXFileReference; fileEncoding = 4; lastKnownFileType = sourcecode.swift; path = AppState.swift; sourceTree = "<group>"; };
		54C286752A091B27004F4C9F /* DependencyInjector.swift */ = {isa = PBXFileReference; fileEncoding = 4; lastKnownFileType = sourcecode.swift; path = DependencyInjector.swift; sourceTree = "<group>"; };
		54C286762A091B27004F4C9F /* Store.swift */ = {isa = PBXFileReference; fileEncoding = 4; lastKnownFileType = sourcecode.swift; path = Store.swift; sourceTree = "<group>"; };
		54C286772A091B27004F4C9F /* ServicesContainer.swift */ = {isa = PBXFileReference; fileEncoding = 4; lastKnownFileType = sourcecode.swift; path = ServicesContainer.swift; sourceTree = "<group>"; };
		54C2867E2A091B2F004F4C9F /* AuthService.swift */ = {isa = PBXFileReference; fileEncoding = 4; lastKnownFileType = sourcecode.swift; path = AuthService.swift; sourceTree = "<group>"; };
		54C2867F2A091B2F004F4C9F /* LocalAuthService.swift */ = {isa = PBXFileReference; fileEncoding = 4; lastKnownFileType = sourcecode.swift; path = LocalAuthService.swift; sourceTree = "<group>"; };
		54C286832A091B3F004F4C9F /* StringError.swift */ = {isa = PBXFileReference; fileEncoding = 4; lastKnownFileType = sourcecode.swift; path = StringError.swift; sourceTree = "<group>"; };
		54C286852A091B46004F4C9F /* User.swift */ = {isa = PBXFileReference; fileEncoding = 4; lastKnownFileType = sourcecode.swift; path = User.swift; sourceTree = "<group>"; };
		54C286882A091B54004F4C9F /* AppEnvironment.swift */ = {isa = PBXFileReference; fileEncoding = 4; lastKnownFileType = sourcecode.swift; path = AppEnvironment.swift; sourceTree = "<group>"; };
		54C2868D2A0926B7004F4C9F /* WarehouseRepository.swift */ = {isa = PBXFileReference; lastKnownFileType = sourcecode.swift; path = WarehouseRepository.swift; sourceTree = "<group>"; };
/* End PBXFileReference section */

/* Begin PBXFrameworksBuildPhase section */
		54C2863B2A091609004F4C9F /* Frameworks */ = {
			isa = PBXFrameworksBuildPhase;
			buildActionMask = 2147483647;
			files = (
			);
			runOnlyForDeploymentPostprocessing = 0;
		};
/* End PBXFrameworksBuildPhase section */

/* Begin PBXGroup section */
		540BFC372A10E5750085D1E0 /* Components */ = {
			isa = PBXGroup;
			children = (
				540BFC3A2A10E85C0085D1E0 /* ErrorView.swift */,
				540BFC382A10E57D0085D1E0 /* ActivityIndicatorView.swift */,
			);
			path = Components;
			sourceTree = "<group>";
		};
		540BFC402A12692C0085D1E0 /* WarehouseTables */ = {
			isa = PBXGroup;
			children = (
				54AB332D2A0FD7DE00C7619E /* WarehouseViewModel.swift */,
				54AB332F2A0FD85A00C7619E /* WarehouseView.swift */,
			);
			path = WarehouseTables;
			sourceTree = "<group>";
		};
		540BFC412A12693C0085D1E0 /* WarehouseCharts */ = {
			isa = PBXGroup;
			children = (
				540BFC422A1269520085D1E0 /* WarehouseChartsViewModel.swift */,
				540BFC442A12696D0085D1E0 /* WarehouseChartsView.swift */,
			);
			path = WarehouseCharts;
			sourceTree = "<group>";
		};
		54AB330F2A0FB4A300C7619E /* Warehouse */ = {
			isa = PBXGroup;
			children = (
				54AB33102A0FB4CA00C7619E /* DimDate.swift */,
				54AB33122A0FB6C800C7619E /* Role.swift */,
				54AB33142A0FB74700C7619E /* Employee.swift */,
				54AB33162A0FB7B200C7619E /* Industry.swift */,
				54AB33182A0FB7E600C7619E /* Project.swift */,
				54AB331A2A0FB83C00C7619E /* FactWorks.swift */,
				54AB331C2A0FB93E00C7619E /* LoadInfo.swift */,
			);
			path = Warehouse;
			sourceTree = "<group>";
		};
		54AB332A2A0FD7C600C7619E /* WarehouseView */ = {
			isa = PBXGroup;
			children = (
				540BFC412A12693C0085D1E0 /* WarehouseCharts */,
				540BFC402A12692C0085D1E0 /* WarehouseTables */,
			);
			path = WarehouseView;
			sourceTree = "<group>";
		};
		54C286352A091609004F4C9F = {
			isa = PBXGroup;
			children = (
				54C286402A091609004F4C9F /* WarehouseClient */,
				54C2863F2A091609004F4C9F /* Products */,
			);
			sourceTree = "<group>";
		};
		54C2863F2A091609004F4C9F /* Products */ = {
			isa = PBXGroup;
			children = (
				54C2863E2A091609004F4C9F /* WarehouseClient.app */,
			);
			name = Products;
			sourceTree = "<group>";
		};
		54C286402A091609004F4C9F /* WarehouseClient */ = {
			isa = PBXGroup;
			children = (
				54AB33312A0FDAF600C7619E /* Info.plist */,
				54C286502A091907004F4C9F /* Application */,
				54C286522A091968004F4C9F /* DataLayer */,
				54C286532A091977004F4C9F /* BusinessLayer */,
				54C286542A091980004F4C9F /* PresentationLayer */,
				54C2865B2A091ABE004F4C9F /* Utils */,
			);
			path = WarehouseClient;
			sourceTree = "<group>";
		};
		54C286482A091609004F4C9F /* Preview Content */ = {
			isa = PBXGroup;
			children = (
				54C286492A091609004F4C9F /* Preview Assets.xcassets */,
			);
			path = "Preview Content";
			sourceTree = "<group>";
		};
		54C286502A091907004F4C9F /* Application */ = {
			isa = PBXGroup;
			children = (
				54C286412A091609004F4C9F /* WarehouseClientApp.swift */,
				54C286882A091B54004F4C9F /* AppEnvironment.swift */,
				54C286472A091609004F4C9F /* WarehouseClient.entitlements */,
				54C286512A091910004F4C9F /* Resources */,
			);
			path = Application;
			sourceTree = "<group>";
		};
		54C286512A091910004F4C9F /* Resources */ = {
			isa = PBXGroup;
			children = (
				54C286482A091609004F4C9F /* Preview Content */,
				54C286452A091609004F4C9F /* Assets.xcassets */,
			);
			path = Resources;
			sourceTree = "<group>";
		};
		54C286522A091968004F4C9F /* DataLayer */ = {
			isa = PBXGroup;
			children = (
				54AB330F2A0FB4A300C7619E /* Warehouse */,
				54C286872A091B49004F4C9F /* Auth */,
				54C286822A091B3F004F4C9F /* Errors */,
				540BFC462A1393390085D1E0 /* Execution.swift */,
			);
			path = DataLayer;
			sourceTree = "<group>";
		};
		54C286532A091977004F4C9F /* BusinessLayer */ = {
			isa = PBXGroup;
			children = (
				54C2868B2A092670004F4C9F /* Repositories */,
				54C2867C2A091B2F004F4C9F /* Services */,
				54C286732A091B27004F4C9F /* Injected */,
			);
			path = BusinessLayer;
			sourceTree = "<group>";
		};
		54C286542A091980004F4C9F /* PresentationLayer */ = {
			isa = PBXGroup;
			children = (
				540BFC372A10E5750085D1E0 /* Components */,
				54AB332A2A0FD7C600C7619E /* WarehouseView */,
				54C286562A0919C5004F4C9F /* AuthView */,
				54C2866E2A091B0E004F4C9F /* BaseView */,
			);
			path = PresentationLayer;
			sourceTree = "<group>";
		};
		54C286562A0919C5004F4C9F /* AuthView */ = {
			isa = PBXGroup;
			children = (
				54C286572A0919C5004F4C9F /* AuthViewModel.swift */,
				54C286582A0919C5004F4C9F /* AuthView.swift */,
			);
			path = AuthView;
			sourceTree = "<group>";
		};
		54C2865B2A091ABE004F4C9F /* Utils */ = {
			isa = PBXGroup;
			children = (
				54AB33242A0FBC6300C7619E /* NetworkingHelpers.swift */,
				54AB33222A0FBC3600C7619E /* APICall.swift */,
				54AB33202A0FBC2300C7619E /* WebRepository.swift */,
				54C2865C2A091ABE004F4C9F /* CancelBag.swift */,
				54C2865D2A091ABE004F4C9F /* Helpers.swift */,
				54C2865E2A091ABE004F4C9F /* ViewModel.swift */,
				54C2865F2A091ABE004F4C9F /* Extensions */,
				54C286622A091ABE004F4C9F /* Persistence */,
				54C286642A091ABE004F4C9F /* Loadable.swift */,
				54C286652A091ABE004F4C9F /* LazyList.swift */,
				540BFC3C2A10EEF80085D1E0 /* LocalhostSessionDelegate.swift */,
			);
			path = Utils;
			sourceTree = "<group>";
		};
		54C2865F2A091ABE004F4C9F /* Extensions */ = {
			isa = PBXGroup;
			children = (
				54C286602A091ABE004F4C9F /* Binding + Equatable.swift */,
				54C286612A091ABE004F4C9F /* Publisher + WeakAssign.swift */,
				540BFC3E2A125B570085D1E0 /* Array + Unique.swift */,
			);
			path = Extensions;
			sourceTree = "<group>";
		};
		54C286622A091ABE004F4C9F /* Persistence */ = {
			isa = PBXGroup;
			children = (
				54C286632A091ABE004F4C9F /* UserDefault.swift */,
			);
			path = Persistence;
			sourceTree = "<group>";
		};
		54C2866E2A091B0E004F4C9F /* BaseView */ = {
			isa = PBXGroup;
			children = (
				54C2866F2A091B0E004F4C9F /* BaseViewModel.swift */,
				54C286702A091B0E004F4C9F /* BaseView.swift */,
			);
			path = BaseView;
			sourceTree = "<group>";
		};
		54C286732A091B27004F4C9F /* Injected */ = {
			isa = PBXGroup;
			children = (
				54C286742A091B27004F4C9F /* AppState.swift */,
				54C286752A091B27004F4C9F /* DependencyInjector.swift */,
				54C286762A091B27004F4C9F /* Store.swift */,
				54C286772A091B27004F4C9F /* ServicesContainer.swift */,
			);
			path = Injected;
			sourceTree = "<group>";
		};
		54C2867C2A091B2F004F4C9F /* Services */ = {
			isa = PBXGroup;
			children = (
				54C2868A2A092542004F4C9F /* WarehouseService */,
				54C2867D2A091B2F004F4C9F /* AuthService */,
			);
			path = Services;
			sourceTree = "<group>";
		};
		54C2867D2A091B2F004F4C9F /* AuthService */ = {
			isa = PBXGroup;
			children = (
				54C2867E2A091B2F004F4C9F /* AuthService.swift */,
				54C2867F2A091B2F004F4C9F /* LocalAuthService.swift */,
			);
			path = AuthService;
			sourceTree = "<group>";
		};
		54C286822A091B3F004F4C9F /* Errors */ = {
			isa = PBXGroup;
			children = (
				54C286832A091B3F004F4C9F /* StringError.swift */,
			);
			path = Errors;
			sourceTree = "<group>";
		};
		54C286872A091B49004F4C9F /* Auth */ = {
			isa = PBXGroup;
			children = (
				54C286852A091B46004F4C9F /* User.swift */,
			);
			path = Auth;
			sourceTree = "<group>";
		};
		54C2868A2A092542004F4C9F /* WarehouseService */ = {
			isa = PBXGroup;
			children = (
				54AB330D2A0FB46200C7619E /* WarehouseService.swift */,
				54AB33262A0FC09000C7619E /* RealWarehouseService.swift */,
			);
			path = WarehouseService;
			sourceTree = "<group>";
		};
		54C2868B2A092670004F4C9F /* Repositories */ = {
			isa = PBXGroup;
			children = (
				54C2868C2A09268B004F4C9F /* WarehouseRepository */,
			);
			path = Repositories;
			sourceTree = "<group>";
		};
		54C2868C2A09268B004F4C9F /* WarehouseRepository */ = {
			isa = PBXGroup;
			children = (
				54C2868D2A0926B7004F4C9F /* WarehouseRepository.swift */,
				54AB331E2A0FBC1500C7619E /* RealWarehouseRepository.swift */,
			);
			path = WarehouseRepository;
			sourceTree = "<group>";
		};
/* End PBXGroup section */

/* Begin PBXNativeTarget section */
		54C2863D2A091609004F4C9F /* WarehouseClient */ = {
			isa = PBXNativeTarget;
			buildConfigurationList = 54C2864D2A091609004F4C9F /* Build configuration list for PBXNativeTarget "WarehouseClient" */;
			buildPhases = (
				54C2863A2A091609004F4C9F /* Sources */,
				54C2863B2A091609004F4C9F /* Frameworks */,
				54C2863C2A091609004F4C9F /* Resources */,
			);
			buildRules = (
			);
			dependencies = (
			);
			name = WarehouseClient;
			productName = WarehouseClient;
			productReference = 54C2863E2A091609004F4C9F /* WarehouseClient.app */;
			productType = "com.apple.product-type.application";
		};
/* End PBXNativeTarget section */

/* Begin PBXProject section */
		54C286362A091609004F4C9F /* Project object */ = {
			isa = PBXProject;
			attributes = {
				BuildIndependentTargetsInParallel = 1;
				LastSwiftUpdateCheck = 1430;
				LastUpgradeCheck = 1430;
				TargetAttributes = {
					54C2863D2A091609004F4C9F = {
						CreatedOnToolsVersion = 14.3;
					};
				};
			};
			buildConfigurationList = 54C286392A091609004F4C9F /* Build configuration list for PBXProject "WarehouseClient" */;
			compatibilityVersion = "Xcode 14.0";
			developmentRegion = en;
			hasScannedForEncodings = 0;
			knownRegions = (
				en,
				Base,
			);
			mainGroup = 54C286352A091609004F4C9F;
			productRefGroup = 54C2863F2A091609004F4C9F /* Products */;
			projectDirPath = "";
			projectRoot = "";
			targets = (
				54C2863D2A091609004F4C9F /* WarehouseClient */,
			);
		};
/* End PBXProject section */

/* Begin PBXResourcesBuildPhase section */
		54C2863C2A091609004F4C9F /* Resources */ = {
			isa = PBXResourcesBuildPhase;
			buildActionMask = 2147483647;
			files = (
				54C2864A2A091609004F4C9F /* Preview Assets.xcassets in Resources */,
				54C286462A091609004F4C9F /* Assets.xcassets in Resources */,
			);
			runOnlyForDeploymentPostprocessing = 0;
		};
/* End PBXResourcesBuildPhase section */

/* Begin PBXSourcesBuildPhase section */
		54C2863A2A091609004F4C9F /* Sources */ = {
			isa = PBXSourcesBuildPhase;
			buildActionMask = 2147483647;
			files = (
				54C286792A091B27004F4C9F /* DependencyInjector.swift in Sources */,
				54AB33272A0FC09000C7619E /* RealWarehouseService.swift in Sources */,
				54AB331B2A0FB83C00C7619E /* FactWorks.swift in Sources */,
				54C286672A091ABE004F4C9F /* Helpers.swift in Sources */,
				54C286892A091B54004F4C9F /* AppEnvironment.swift in Sources */,
				54AB33252A0FBC6300C7619E /* NetworkingHelpers.swift in Sources */,
				540BFC472A1393390085D1E0 /* Execution.swift in Sources */,
				54C2867B2A091B27004F4C9F /* ServicesContainer.swift in Sources */,
				54C2866B2A091ABE004F4C9F /* UserDefault.swift in Sources */,
				54AB332E2A0FD7DE00C7619E /* WarehouseViewModel.swift in Sources */,
				54C286662A091ABE004F4C9F /* CancelBag.swift in Sources */,
				54C286802A091B2F004F4C9F /* AuthService.swift in Sources */,
				540BFC452A12696D0085D1E0 /* WarehouseChartsView.swift in Sources */,
				54C286812A091B2F004F4C9F /* LocalAuthService.swift in Sources */,
				54AB33302A0FD85A00C7619E /* WarehouseView.swift in Sources */,
				54AB330E2A0FB46200C7619E /* WarehouseService.swift in Sources */,
				54AB33172A0FB7B200C7619E /* Industry.swift in Sources */,
				540BFC3B2A10E85C0085D1E0 /* ErrorView.swift in Sources */,
				54AB33232A0FBC3600C7619E /* APICall.swift in Sources */,
				54C286422A091609004F4C9F /* WarehouseClientApp.swift in Sources */,
				54AB33112A0FB4CA00C7619E /* DimDate.swift in Sources */,
				54C286842A091B3F004F4C9F /* StringError.swift in Sources */,
				540BFC3F2A125B570085D1E0 /* Array + Unique.swift in Sources */,
				54C286862A091B46004F4C9F /* User.swift in Sources */,
				54C2865A2A0919C5004F4C9F /* AuthView.swift in Sources */,
				54C286782A091B27004F4C9F /* AppState.swift in Sources */,
				54C286592A0919C5004F4C9F /* AuthViewModel.swift in Sources */,
				54AB33152A0FB74700C7619E /* Employee.swift in Sources */,
				540BFC392A10E57D0085D1E0 /* ActivityIndicatorView.swift in Sources */,
				54C286712A091B0E004F4C9F /* BaseViewModel.swift in Sources */,
				54AB331D2A0FB93E00C7619E /* LoadInfo.swift in Sources */,
				54AB331F2A0FBC1500C7619E /* RealWarehouseRepository.swift in Sources */,
				54C2867A2A091B27004F4C9F /* Store.swift in Sources */,
				54AB33212A0FBC2300C7619E /* WebRepository.swift in Sources */,
				54C286692A091ABE004F4C9F /* Binding + Equatable.swift in Sources */,
				54C2866C2A091ABE004F4C9F /* Loadable.swift in Sources */,
				54AB33192A0FB7E600C7619E /* Project.swift in Sources */,
				54C2866D2A091ABE004F4C9F /* LazyList.swift in Sources */,
				54C286722A091B0E004F4C9F /* BaseView.swift in Sources */,
				54AB33132A0FB6C800C7619E /* Role.swift in Sources */,
				540BFC3D2A10EEF80085D1E0 /* LocalhostSessionDelegate.swift in Sources */,
				54C286682A091ABE004F4C9F /* ViewModel.swift in Sources */,
				54C2866A2A091ABE004F4C9F /* Publisher + WeakAssign.swift in Sources */,
				540BFC432A1269520085D1E0 /* WarehouseChartsViewModel.swift in Sources */,
				54C2868E2A0926B7004F4C9F /* WarehouseRepository.swift in Sources */,
			);
			runOnlyForDeploymentPostprocessing = 0;
		};
/* End PBXSourcesBuildPhase section */

/* Begin XCBuildConfiguration section */
		54C2864B2A091609004F4C9F /* Debug */ = {
			isa = XCBuildConfiguration;
			buildSettings = {
				ALWAYS_SEARCH_USER_PATHS = NO;
				CLANG_ANALYZER_NONNULL = YES;
				CLANG_ANALYZER_NUMBER_OBJECT_CONVERSION = YES_AGGRESSIVE;
				CLANG_CXX_LANGUAGE_STANDARD = "gnu++20";
				CLANG_ENABLE_MODULES = YES;
				CLANG_ENABLE_OBJC_ARC = YES;
				CLANG_ENABLE_OBJC_WEAK = YES;
				CLANG_WARN_BLOCK_CAPTURE_AUTORELEASING = YES;
				CLANG_WARN_BOOL_CONVERSION = YES;
				CLANG_WARN_COMMA = YES;
				CLANG_WARN_CONSTANT_CONVERSION = YES;
				CLANG_WARN_DEPRECATED_OBJC_IMPLEMENTATIONS = YES;
				CLANG_WARN_DIRECT_OBJC_ISA_USAGE = YES_ERROR;
				CLANG_WARN_DOCUMENTATION_COMMENTS = YES;
				CLANG_WARN_EMPTY_BODY = YES;
				CLANG_WARN_ENUM_CONVERSION = YES;
				CLANG_WARN_INFINITE_RECURSION = YES;
				CLANG_WARN_INT_CONVERSION = YES;
				CLANG_WARN_NON_LITERAL_NULL_CONVERSION = YES;
				CLANG_WARN_OBJC_IMPLICIT_RETAIN_SELF = YES;
				CLANG_WARN_OBJC_LITERAL_CONVERSION = YES;
				CLANG_WARN_OBJC_ROOT_CLASS = YES_ERROR;
				CLANG_WARN_QUOTED_INCLUDE_IN_FRAMEWORK_HEADER = YES;
				CLANG_WARN_RANGE_LOOP_ANALYSIS = YES;
				CLANG_WARN_STRICT_PROTOTYPES = YES;
				CLANG_WARN_SUSPICIOUS_MOVE = YES;
				CLANG_WARN_UNGUARDED_AVAILABILITY = YES_AGGRESSIVE;
				CLANG_WARN_UNREACHABLE_CODE = YES;
				CLANG_WARN__DUPLICATE_METHOD_MATCH = YES;
				COPY_PHASE_STRIP = NO;
				DEBUG_INFORMATION_FORMAT = dwarf;
				ENABLE_STRICT_OBJC_MSGSEND = YES;
				ENABLE_TESTABILITY = YES;
				GCC_C_LANGUAGE_STANDARD = gnu11;
				GCC_DYNAMIC_NO_PIC = NO;
				GCC_NO_COMMON_BLOCKS = YES;
				GCC_OPTIMIZATION_LEVEL = 0;
				GCC_PREPROCESSOR_DEFINITIONS = (
					"DEBUG=1",
					"$(inherited)",
				);
				GCC_WARN_64_TO_32_BIT_CONVERSION = YES;
				GCC_WARN_ABOUT_RETURN_TYPE = YES_ERROR;
				GCC_WARN_UNDECLARED_SELECTOR = YES;
				GCC_WARN_UNINITIALIZED_AUTOS = YES_AGGRESSIVE;
				GCC_WARN_UNUSED_FUNCTION = YES;
				GCC_WARN_UNUSED_VARIABLE = YES;
				MTL_ENABLE_DEBUG_INFO = INCLUDE_SOURCE;
				MTL_FAST_MATH = YES;
				ONLY_ACTIVE_ARCH = YES;
				SWIFT_ACTIVE_COMPILATION_CONDITIONS = DEBUG;
				SWIFT_OPTIMIZATION_LEVEL = "-Onone";
			};
			name = Debug;
		};
		54C2864C2A091609004F4C9F /* Release */ = {
			isa = XCBuildConfiguration;
			buildSettings = {
				ALWAYS_SEARCH_USER_PATHS = NO;
				CLANG_ANALYZER_NONNULL = YES;
				CLANG_ANALYZER_NUMBER_OBJECT_CONVERSION = YES_AGGRESSIVE;
				CLANG_CXX_LANGUAGE_STANDARD = "gnu++20";
				CLANG_ENABLE_MODULES = YES;
				CLANG_ENABLE_OBJC_ARC = YES;
				CLANG_ENABLE_OBJC_WEAK = YES;
				CLANG_WARN_BLOCK_CAPTURE_AUTORELEASING = YES;
				CLANG_WARN_BOOL_CONVERSION = YES;
				CLANG_WARN_COMMA = YES;
				CLANG_WARN_CONSTANT_CONVERSION = YES;
				CLANG_WARN_DEPRECATED_OBJC_IMPLEMENTATIONS = YES;
				CLANG_WARN_DIRECT_OBJC_ISA_USAGE = YES_ERROR;
				CLANG_WARN_DOCUMENTATION_COMMENTS = YES;
				CLANG_WARN_EMPTY_BODY = YES;
				CLANG_WARN_ENUM_CONVERSION = YES;
				CLANG_WARN_INFINITE_RECURSION = YES;
				CLANG_WARN_INT_CONVERSION = YES;
				CLANG_WARN_NON_LITERAL_NULL_CONVERSION = YES;
				CLANG_WARN_OBJC_IMPLICIT_RETAIN_SELF = YES;
				CLANG_WARN_OBJC_LITERAL_CONVERSION = YES;
				CLANG_WARN_OBJC_ROOT_CLASS = YES_ERROR;
				CLANG_WARN_QUOTED_INCLUDE_IN_FRAMEWORK_HEADER = YES;
				CLANG_WARN_RANGE_LOOP_ANALYSIS = YES;
				CLANG_WARN_STRICT_PROTOTYPES = YES;
				CLANG_WARN_SUSPICIOUS_MOVE = YES;
				CLANG_WARN_UNGUARDED_AVAILABILITY = YES_AGGRESSIVE;
				CLANG_WARN_UNREACHABLE_CODE = YES;
				CLANG_WARN__DUPLICATE_METHOD_MATCH = YES;
				COPY_PHASE_STRIP = NO;
				DEBUG_INFORMATION_FORMAT = "dwarf-with-dsym";
				ENABLE_NS_ASSERTIONS = NO;
				ENABLE_STRICT_OBJC_MSGSEND = YES;
				GCC_C_LANGUAGE_STANDARD = gnu11;
				GCC_NO_COMMON_BLOCKS = YES;
				GCC_WARN_64_TO_32_BIT_CONVERSION = YES;
				GCC_WARN_ABOUT_RETURN_TYPE = YES_ERROR;
				GCC_WARN_UNDECLARED_SELECTOR = YES;
				GCC_WARN_UNINITIALIZED_AUTOS = YES_AGGRESSIVE;
				GCC_WARN_UNUSED_FUNCTION = YES;
				GCC_WARN_UNUSED_VARIABLE = YES;
				MTL_ENABLE_DEBUG_INFO = NO;
				MTL_FAST_MATH = YES;
				SWIFT_COMPILATION_MODE = wholemodule;
				SWIFT_OPTIMIZATION_LEVEL = "-O";
			};
			name = Release;
		};
		54C2864E2A091609004F4C9F /* Debug */ = {
			isa = XCBuildConfiguration;
			buildSettings = {
				ASSETCATALOG_COMPILER_APPICON_NAME = AppIcon;
				ASSETCATALOG_COMPILER_GLOBAL_ACCENT_COLOR_NAME = AccentColor;
				CODE_SIGN_ENTITLEMENTS = WarehouseClient/Application/WarehouseClient.entitlements;
				"CODE_SIGN_IDENTITY[sdk=macosx*]" = "Apple Development";
				CODE_SIGN_STYLE = Automatic;
				CURRENT_PROJECT_VERSION = 1;
				DEVELOPMENT_ASSET_PATHS = "\"WarehouseClient/Application/Resources/Preview Content\"";
				DEVELOPMENT_TEAM = 4LMDFB95MF;
				ENABLE_HARDENED_RUNTIME = YES;
				ENABLE_PREVIEWS = YES;
				GENERATE_INFOPLIST_FILE = YES;
				INFOPLIST_FILE = WarehouseClient/Info.plist;
				"INFOPLIST_KEY_UIApplicationSceneManifest_Generation[sdk=iphoneos*]" = YES;
				"INFOPLIST_KEY_UIApplicationSceneManifest_Generation[sdk=iphonesimulator*]" = YES;
				"INFOPLIST_KEY_UIApplicationSupportsIndirectInputEvents[sdk=iphoneos*]" = YES;
				"INFOPLIST_KEY_UIApplicationSupportsIndirectInputEvents[sdk=iphonesimulator*]" = YES;
				"INFOPLIST_KEY_UILaunchScreen_Generation[sdk=iphoneos*]" = YES;
				"INFOPLIST_KEY_UILaunchScreen_Generation[sdk=iphonesimulator*]" = YES;
				"INFOPLIST_KEY_UIStatusBarStyle[sdk=iphoneos*]" = UIStatusBarStyleDefault;
				"INFOPLIST_KEY_UIStatusBarStyle[sdk=iphonesimulator*]" = UIStatusBarStyleDefault;
				INFOPLIST_KEY_UISupportedInterfaceOrientations_iPad = "UIInterfaceOrientationPortrait UIInterfaceOrientationPortraitUpsideDown UIInterfaceOrientationLandscapeLeft UIInterfaceOrientationLandscapeRight";
				INFOPLIST_KEY_UISupportedInterfaceOrientations_iPhone = "UIInterfaceOrientationPortrait UIInterfaceOrientationLandscapeLeft UIInterfaceOrientationLandscapeRight";
				IPHONEOS_DEPLOYMENT_TARGET = 16.4;
				LD_RUNPATH_SEARCH_PATHS = "@executable_path/Frameworks";
				"LD_RUNPATH_SEARCH_PATHS[sdk=macosx*]" = "@executable_path/../Frameworks";
				MACOSX_DEPLOYMENT_TARGET = 13.3;
				MARKETING_VERSION = 1.0;
				PRODUCT_BUNDLE_IDENTIFIER = matviisuk.edu.WarehouseClient;
				PRODUCT_NAME = "$(TARGET_NAME)";
				SDKROOT = auto;
				SUPPORTED_PLATFORMS = "iphoneos iphonesimulator";
				SUPPORTS_MACCATALYST = NO;
				SUPPORTS_MAC_DESIGNED_FOR_IPHONE_IPAD = NO;
				SWIFT_EMIT_LOC_STRINGS = YES;
				SWIFT_VERSION = 5.0;
				TARGETED_DEVICE_FAMILY = "1,2";
			};
			name = Debug;
		};
		54C2864F2A091609004F4C9F /* Release */ = {
			isa = XCBuildConfiguration;
			buildSettings = {
				ASSETCATALOG_COMPILER_APPICON_NAME = AppIcon;
				ASSETCATALOG_COMPILER_GLOBAL_ACCENT_COLOR_NAME = AccentColor;
				CODE_SIGN_ENTITLEMENTS = WarehouseClient/Application/WarehouseClient.entitlements;
				"CODE_SIGN_IDENTITY[sdk=macosx*]" = "Apple Development";
				CODE_SIGN_STYLE = Automatic;
				CURRENT_PROJECT_VERSION = 1;
				DEVELOPMENT_ASSET_PATHS = "\"WarehouseClient/Application/Resources/Preview Content\"";
				DEVELOPMENT_TEAM = 4LMDFB95MF;
				ENABLE_HARDENED_RUNTIME = YES;
				ENABLE_PREVIEWS = YES;
				GENERATE_INFOPLIST_FILE = YES;
				INFOPLIST_FILE = WarehouseClient/Info.plist;
				"INFOPLIST_KEY_UIApplicationSceneManifest_Generation[sdk=iphoneos*]" = YES;
				"INFOPLIST_KEY_UIApplicationSceneManifest_Generation[sdk=iphonesimulator*]" = YES;
				"INFOPLIST_KEY_UIApplicationSupportsIndirectInputEvents[sdk=iphoneos*]" = YES;
				"INFOPLIST_KEY_UIApplicationSupportsIndirectInputEvents[sdk=iphonesimulator*]" = YES;
				"INFOPLIST_KEY_UILaunchScreen_Generation[sdk=iphoneos*]" = YES;
				"INFOPLIST_KEY_UILaunchScreen_Generation[sdk=iphonesimulator*]" = YES;
				"INFOPLIST_KEY_UIStatusBarStyle[sdk=iphoneos*]" = UIStatusBarStyleDefault;
				"INFOPLIST_KEY_UIStatusBarStyle[sdk=iphonesimulator*]" = UIStatusBarStyleDefault;
				INFOPLIST_KEY_UISupportedInterfaceOrientations_iPad = "UIInterfaceOrientationPortrait UIInterfaceOrientationPortraitUpsideDown UIInterfaceOrientationLandscapeLeft UIInterfaceOrientationLandscapeRight";
				INFOPLIST_KEY_UISupportedInterfaceOrientations_iPhone = "UIInterfaceOrientationPortrait UIInterfaceOrientationLandscapeLeft UIInterfaceOrientationLandscapeRight";
				IPHONEOS_DEPLOYMENT_TARGET = 16.4;
				LD_RUNPATH_SEARCH_PATHS = "@executable_path/Frameworks";
				"LD_RUNPATH_SEARCH_PATHS[sdk=macosx*]" = "@executable_path/../Frameworks";
				MACOSX_DEPLOYMENT_TARGET = 13.3;
				MARKETING_VERSION = 1.0;
				PRODUCT_BUNDLE_IDENTIFIER = matviisuk.edu.WarehouseClient;
				PRODUCT_NAME = "$(TARGET_NAME)";
				SDKROOT = auto;
				SUPPORTED_PLATFORMS = "iphoneos iphonesimulator";
				SUPPORTS_MACCATALYST = NO;
				SUPPORTS_MAC_DESIGNED_FOR_IPHONE_IPAD = NO;
				SWIFT_EMIT_LOC_STRINGS = YES;
				SWIFT_VERSION = 5.0;
				TARGETED_DEVICE_FAMILY = "1,2";
			};
			name = Release;
		};
/* End XCBuildConfiguration section */

/* Begin XCConfigurationList section */
		54C286392A091609004F4C9F /* Build configuration list for PBXProject "WarehouseClient" */ = {
			isa = XCConfigurationList;
			buildConfigurations = (
				54C2864B2A091609004F4C9F /* Debug */,
				54C2864C2A091609004F4C9F /* Release */,
			);
			defaultConfigurationIsVisible = 0;
			defaultConfigurationName = Release;
		};
		54C2864D2A091609004F4C9F /* Build configuration list for PBXNativeTarget "WarehouseClient" */ = {
			isa = XCConfigurationList;
			buildConfigurations = (
				54C2864E2A091609004F4C9F /* Debug */,
				54C2864F2A091609004F4C9F /* Release */,
			);
			defaultConfigurationIsVisible = 0;
			defaultConfigurationName = Release;
		};
/* End XCConfigurationList section */
	};
	rootObject = 54C286362A091609004F4C9F /* Project object */;
}
